
Microsoft Visual Studio Solution File, Format Version 12.00
# Visual Studio 14
VisualStudioVersion = 14.0.25420.1
MinimumVisualStudioVersion = 10.0.40219.1
Project("{FAE04EC0-301F-11D3-BF4B-00C04F79EFBC}") = "FlashCardSampleGame.DesktopGL", "FlashCardSampleGame.DesktopGL\FlashCardSampleGame.DesktopGL.csproj", "{A49F0156-84AF-4F72-84D5-B42FDA202212}"
EndProject
Project("{D954291E-2A0B-460D-934E-DC6B0785DB48}") = "FlashCardSampleGame.SharedProject", "FlashCardSampleGame.SharedProject\FlashCardSampleGame.SharedProject.shproj", "{B5E323E4-9399-4BC6-9F7B-029C2546D54B}"
EndProject
Project("{FAE04EC0-301F-11D3-BF4B-00C04F79EFBC}") = "FlashCardSampleGame.WindowsUniversal", "FlashCardSampleGame.WindowsUniversal\FlashCardSampleGame.WindowsUniversal.csproj", "{6D1F6130-419A-497C-BAB3-8122EF6D040F}"
EndProject
Project("{FAE04EC0-301F-11D3-BF4B-00C04F79EFBC}") = "FlashCardSampleGame.Android", "FlashCardSampleGame.Android\FlashCardSampleGame.Android.csproj", "{8980DB92-961B-4C68-ADE6-340BE419EFC9}"
EndProject
Project("{FAE04EC0-301F-11D3-BF4B-00C04F79EFBC}") = "FlashCardSampleGame.iOS", "FlashCardSampleGame.iOS\FlashCardSampleGame.iOS.csproj", "{B59CC60F-86D8-4272-AFD0-5DB5441322AC}"
EndProject
Project("{D954291E-2A0B-460D-934E-DC6B0785DB48}") = "FlashCards.SharedProject", "..\FlashCards\FlashCards\FlashCards.SharedProject\FlashCards.SharedProject.shproj", "{B33B759D-65B2-4571-B53A-6D91E8075570}"
EndProject
Project("{D954291E-2A0B-460D-934E-DC6B0785DB48}") = "MenuBuddy.SharedProject", "..\MenuBuddy\MenuBuddy\MenuBuddy.SharedProject\MenuBuddy.SharedProject.shproj", "{0D2B86EA-9261-4F94-87A8-10EEEE72EC22}"
EndProject
Global
	GlobalSection(SharedMSBuildProjectFiles) = preSolution
		..\MenuBuddy\MenuBuddy\MenuBuddy.SharedProject\MenuBuddy.SharedProject.projitems*{0d2b86ea-9261-4f94-87a8-10eeee72ec22}*SharedItemsImports = 13
		FlashCardSampleGame.SharedProject\FlashCardSampleGame.SharedProject.projitems*{6d1f6130-419a-497c-bab3-8122ef6d040f}*SharedItemsImports = 4
		FlashCardSampleGame.SharedProject\FlashCardSampleGame.SharedProject.projitems*{8980db92-961b-4c68-ade6-340be419efc9}*SharedItemsImports = 4
		FlashCardSampleGame.SharedProject\FlashCardSampleGame.SharedProject.projitems*{a49f0156-84af-4f72-84d5-b42fda202212}*SharedItemsImports = 4
		..\FlashCards\FlashCards\FlashCards.SharedProject\FlashCards.SharedProject.projitems*{a49f0156-84af-4f72-84d5-b42fda202212}*SharedItemsImports = 4
		..\MenuBuddy\MenuBuddy\MenuBuddy.SharedProject\MenuBuddy.SharedProject.projitems*{a49f0156-84af-4f72-84d5-b42fda202212}*SharedItemsImports = 4
		..\FlashCards\FlashCards\FlashCards.SharedProject\FlashCards.SharedProject.projitems*{b33b759d-65b2-4571-b53a-6d91e8075570}*SharedItemsImports = 13
		FlashCardSampleGame.SharedProject\FlashCardSampleGame.SharedProject.projitems*{b59cc60f-86d8-4272-afd0-5db5441322ac}*SharedItemsImports = 4
		FlashCardSampleGame.SharedProject\FlashCardSampleGame.SharedProject.projitems*{b5e323e4-9399-4bc6-9f7b-029c2546d54b}*SharedItemsImports = 13
	EndGlobalSection
	GlobalSection(SolutionConfigurationPlatforms) = preSolution
		Ad-Hoc|Any CPU = Ad-Hoc|Any CPU
		Ad-Hoc|ARM = Ad-Hoc|ARM
		Ad-Hoc|iPhone = Ad-Hoc|iPhone
		Ad-Hoc|iPhoneSimulator = Ad-Hoc|iPhoneSimulator
		Ad-Hoc|x64 = Ad-Hoc|x64
		Ad-Hoc|x86 = Ad-Hoc|x86
		AppStore|Any CPU = AppStore|Any CPU
		AppStore|ARM = AppStore|ARM
		AppStore|iPhone = AppStore|iPhone
		AppStore|iPhoneSimulator = AppStore|iPhoneSimulator
		AppStore|x64 = AppStore|x64
		AppStore|x86 = AppStore|x86
		Debug|Any CPU = Debug|Any CPU
		Debug|ARM = Debug|ARM
		Debug|iPhone = Debug|iPhone
		Debug|iPhoneSimulator = Debug|iPhoneSimulator
		Debug|x64 = Debug|x64
		Debug|x86 = Debug|x86
		Release|Any CPU = Release|Any CPU
		Release|ARM = Release|ARM
		Release|iPhone = Release|iPhone
		Release|iPhoneSimulator = Release|iPhoneSimulator
		Release|x64 = Release|x64
		Release|x86 = Release|x86
	EndGlobalSection
	GlobalSection(ProjectConfigurationPlatforms) = postSolution
		{A49F0156-84AF-4F72-84D5-B42FDA202212}.Ad-Hoc|Any CPU.ActiveCfg = Release|x86
		{A49F0156-84AF-4F72-84D5-B42FDA202212}.Ad-Hoc|Any CPU.Build.0 = Release|x86
		{A49F0156-84AF-4F72-84D5-B42FDA202212}.Ad-Hoc|ARM.ActiveCfg = Release|x86
		{A49F0156-84AF-4F72-84D5-B42FDA202212}.Ad-Hoc|ARM.Build.0 = Release|x86
		{A49F0156-84AF-4F72-84D5-B42FDA202212}.Ad-Hoc|iPhone.ActiveCfg = Release|x86
		{A49F0156-84AF-4F72-84D5-B42FDA202212}.Ad-Hoc|iPhone.Build.0 = Release|x86
		{A49F0156-84AF-4F72-84D5-B42FDA202212}.Ad-Hoc|iPhoneSimulator.ActiveCfg = Release|x86
		{A49F0156-84AF-4F72-84D5-B42FDA202212}.Ad-Hoc|iPhoneSimulator.Build.0 = Release|x86
		{A49F0156-84AF-4F72-84D5-B42FDA202212}.Ad-Hoc|x64.ActiveCfg = Release|x86
		{A49F0156-84AF-4F72-84D5-B42FDA202212}.Ad-Hoc|x64.Build.0 = Release|x86
		{A49F0156-84AF-4F72-84D5-B42FDA202212}.Ad-Hoc|x86.ActiveCfg = Release|x86
		{A49F0156-84AF-4F72-84D5-B42FDA202212}.Ad-Hoc|x86.Build.0 = Release|x86
		{A49F0156-84AF-4F72-84D5-B42FDA202212}.AppStore|Any CPU.ActiveCfg = Release|x86
		{A49F0156-84AF-4F72-84D5-B42FDA202212}.AppStore|Any CPU.Build.0 = Release|x86
		{A49F0156-84AF-4F72-84D5-B42FDA202212}.AppStore|ARM.ActiveCfg = Release|x86
		{A49F0156-84AF-4F72-84D5-B42FDA202212}.AppStore|ARM.Build.0 = Release|x86
		{A49F0156-84AF-4F72-84D5-B42FDA202212}.AppStore|iPhone.ActiveCfg = Release|x86
		{A49F0156-84AF-4F72-84D5-B42FDA202212}.AppStore|iPhone.Build.0 = Release|x86
		{A49F0156-84AF-4F72-84D5-B42FDA202212}.AppStore|iPhoneSimulator.ActiveCfg = Release|x86
		{A49F0156-84AF-4F72-84D5-B42FDA202212}.AppStore|iPhoneSimulator.Build.0 = Release|x86
		{A49F0156-84AF-4F72-84D5-B42FDA202212}.AppStore|x64.ActiveCfg = Release|x86
		{A49F0156-84AF-4F72-84D5-B42FDA202212}.AppStore|x64.Build.0 = Release|x86
		{A49F0156-84AF-4F72-84D5-B42FDA202212}.AppStore|x86.ActiveCfg = Release|x86
		{A49F0156-84AF-4F72-84D5-B42FDA202212}.AppStore|x86.Build.0 = Release|x86
		{A49F0156-84AF-4F72-84D5-B42FDA202212}.Debug|Any CPU.ActiveCfg = Debug|Any CPU
		{A49F0156-84AF-4F72-84D5-B42FDA202212}.Debug|Any CPU.Build.0 = Debug|Any CPU
		{A49F0156-84AF-4F72-84D5-B42FDA202212}.Debug|ARM.ActiveCfg = Debug|x86
		{A49F0156-84AF-4F72-84D5-B42FDA202212}.Debug|iPhone.ActiveCfg = Debug|x86
		{A49F0156-84AF-4F72-84D5-B42FDA202212}.Debug|iPhoneSimulator.ActiveCfg = Debug|x86
		{A49F0156-84AF-4F72-84D5-B42FDA202212}.Debug|x64.ActiveCfg = Debug|x86
		{A49F0156-84AF-4F72-84D5-B42FDA202212}.Debug|x86.ActiveCfg = Debug|x86
		{A49F0156-84AF-4F72-84D5-B42FDA202212}.Debug|x86.Build.0 = Debug|x86
		{A49F0156-84AF-4F72-84D5-B42FDA202212}.Release|Any CPU.ActiveCfg = Release|x86
		{A49F0156-84AF-4F72-84D5-B42FDA202212}.Release|ARM.ActiveCfg = Release|x86
		{A49F0156-84AF-4F72-84D5-B42FDA202212}.Release|iPhone.ActiveCfg = Release|x86
		{A49F0156-84AF-4F72-84D5-B42FDA202212}.Release|iPhoneSimulator.ActiveCfg = Release|x86
		{A49F0156-84AF-4F72-84D5-B42FDA202212}.Release|x64.ActiveCfg = Release|x86
		{A49F0156-84AF-4F72-84D5-B42FDA202212}.Release|x86.ActiveCfg = Release|x86
		{A49F0156-84AF-4F72-84D5-B42FDA202212}.Release|x86.Build.0 = Release|x86
		{6D1F6130-419A-497C-BAB3-8122EF6D040F}.Ad-Hoc|Any CPU.ActiveCfg = Release|x86
		{6D1F6130-419A-497C-BAB3-8122EF6D040F}.Ad-Hoc|Any CPU.Build.0 = Release|x86
		{6D1F6130-419A-497C-BAB3-8122EF6D040F}.Ad-Hoc|Any CPU.Deploy.0 = Release|x86
		{6D1F6130-419A-497C-BAB3-8122EF6D040F}.Ad-Hoc|ARM.ActiveCfg = Release|ARM
		{6D1F6130-419A-497C-BAB3-8122EF6D040F}.Ad-Hoc|ARM.Build.0 = Release|ARM
		{6D1F6130-419A-497C-BAB3-8122EF6D040F}.Ad-Hoc|ARM.Deploy.0 = Release|ARM
		{6D1F6130-419A-497C-BAB3-8122EF6D040F}.Ad-Hoc|iPhone.ActiveCfg = Release|x86
		{6D1F6130-419A-497C-BAB3-8122EF6D040F}.Ad-Hoc|iPhone.Build.0 = Release|x86
		{6D1F6130-419A-497C-BAB3-8122EF6D040F}.Ad-Hoc|iPhone.Deploy.0 = Release|x86
		{6D1F6130-419A-497C-BAB3-8122EF6D040F}.Ad-Hoc|iPhoneSimulator.ActiveCfg = Release|x86
		{6D1F6130-419A-497C-BAB3-8122EF6D040F}.Ad-Hoc|iPhoneSimulator.Build.0 = Release|x86
		{6D1F6130-419A-497C-BAB3-8122EF6D040F}.Ad-Hoc|iPhoneSimulator.Deploy.0 = Release|x86
		{6D1F6130-419A-497C-BAB3-8122EF6D040F}.Ad-Hoc|x64.ActiveCfg = Release|x64
		{6D1F6130-419A-497C-BAB3-8122EF6D040F}.Ad-Hoc|x64.Build.0 = Release|x64
		{6D1F6130-419A-497C-BAB3-8122EF6D040F}.Ad-Hoc|x64.Deploy.0 = Release|x64
		{6D1F6130-419A-497C-BAB3-8122EF6D040F}.Ad-Hoc|x86.ActiveCfg = Release|x86
		{6D1F6130-419A-497C-BAB3-8122EF6D040F}.Ad-Hoc|x86.Build.0 = Release|x86
		{6D1F6130-419A-497C-BAB3-8122EF6D040F}.Ad-Hoc|x86.Deploy.0 = Release|x86
		{6D1F6130-419A-497C-BAB3-8122EF6D040F}.AppStore|Any CPU.ActiveCfg = Release|x86
		{6D1F6130-419A-497C-BAB3-8122EF6D040F}.AppStore|Any CPU.Build.0 = Release|x86
		{6D1F6130-419A-497C-BAB3-8122EF6D040F}.AppStore|Any CPU.Deploy.0 = Release|x86
		{6D1F6130-419A-497C-BAB3-8122EF6D040F}.AppStore|ARM.ActiveCfg = Release|ARM
		{6D1F6130-419A-497C-BAB3-8122EF6D040F}.AppStore|ARM.Build.0 = Release|ARM
		{6D1F6130-419A-497C-BAB3-8122EF6D040F}.AppStore|ARM.Deploy.0 = Release|ARM
		{6D1F6130-419A-497C-BAB3-8122EF6D040F}.AppStore|iPhone.ActiveCfg = Release|x86
		{6D1F6130-419A-497C-BAB3-8122EF6D040F}.AppStore|iPhone.Build.0 = Release|x86
		{6D1F6130-419A-497C-BAB3-8122EF6D040F}.AppStore|iPhone.Deploy.0 = Release|x86
		{6D1F6130-419A-497C-BAB3-8122EF6D040F}.AppStore|iPhoneSimulator.ActiveCfg = Release|x86
		{6D1F6130-419A-497C-BAB3-8122EF6D040F}.AppStore|iPhoneSimulator.Build.0 = Release|x86
		{6D1F6130-419A-497C-BAB3-8122EF6D040F}.AppStore|iPhoneSimulator.Deploy.0 = Release|x86
		{6D1F6130-419A-497C-BAB3-8122EF6D040F}.AppStore|x64.ActiveCfg = Release|x64
		{6D1F6130-419A-497C-BAB3-8122EF6D040F}.AppStore|x64.Build.0 = Release|x64
		{6D1F6130-419A-497C-BAB3-8122EF6D040F}.AppStore|x64.Deploy.0 = Release|x64
		{6D1F6130-419A-497C-BAB3-8122EF6D040F}.AppStore|x86.ActiveCfg = Release|x86
		{6D1F6130-419A-497C-BAB3-8122EF6D040F}.AppStore|x86.Build.0 = Release|x86
		{6D1F6130-419A-497C-BAB3-8122EF6D040F}.AppStore|x86.Deploy.0 = Release|x86
		{6D1F6130-419A-497C-BAB3-8122EF6D040F}.Debug|Any CPU.ActiveCfg = Debug|x86
		{6D1F6130-419A-497C-BAB3-8122EF6D040F}.Debug|Any CPU.Build.0 = Debug|x86
		{6D1F6130-419A-497C-BAB3-8122EF6D040F}.Debug|ARM.ActiveCfg = Debug|ARM
		{6D1F6130-419A-497C-BAB3-8122EF6D040F}.Debug|ARM.Build.0 = Debug|ARM
		{6D1F6130-419A-497C-BAB3-8122EF6D040F}.Debug|ARM.Deploy.0 = Debug|ARM
		{6D1F6130-419A-497C-BAB3-8122EF6D040F}.Debug|iPhone.ActiveCfg = Debug|x86
		{6D1F6130-419A-497C-BAB3-8122EF6D040F}.Debug|iPhoneSimulator.ActiveCfg = Debug|x86
		{6D1F6130-419A-497C-BAB3-8122EF6D040F}.Debug|x64.ActiveCfg = Debug|x64
		{6D1F6130-419A-497C-BAB3-8122EF6D040F}.Debug|x64.Build.0 = Debug|x64
		{6D1F6130-419A-497C-BAB3-8122EF6D040F}.Debug|x64.Deploy.0 = Debug|x64
		{6D1F6130-419A-497C-BAB3-8122EF6D040F}.Debug|x86.ActiveCfg = Debug|x86
		{6D1F6130-419A-497C-BAB3-8122EF6D040F}.Debug|x86.Build.0 = Debug|x86
		{6D1F6130-419A-497C-BAB3-8122EF6D040F}.Debug|x86.Deploy.0 = Debug|x86
		{6D1F6130-419A-497C-BAB3-8122EF6D040F}.Release|Any CPU.ActiveCfg = Release|x86
		{6D1F6130-419A-497C-BAB3-8122EF6D040F}.Release|ARM.ActiveCfg = Release|ARM
		{6D1F6130-419A-497C-BAB3-8122EF6D040F}.Release|ARM.Build.0 = Release|ARM
		{6D1F6130-419A-497C-BAB3-8122EF6D040F}.Release|ARM.Deploy.0 = Release|ARM
		{6D1F6130-419A-497C-BAB3-8122EF6D040F}.Release|iPhone.ActiveCfg = Release|x86
		{6D1F6130-419A-497C-BAB3-8122EF6D040F}.Release|iPhoneSimulator.ActiveCfg = Release|x86
		{6D1F6130-419A-497C-BAB3-8122EF6D040F}.Release|x64.ActiveCfg = Release|x64
		{6D1F6130-419A-497C-BAB3-8122EF6D040F}.Release|x64.Build.0 = Release|x64
		{6D1F6130-419A-497C-BAB3-8122EF6D040F}.Release|x64.Deploy.0 = Release|x64
		{6D1F6130-419A-497C-BAB3-8122EF6D040F}.Release|x86.ActiveCfg = Release|x86
		{6D1F6130-419A-497C-BAB3-8122EF6D040F}.Release|x86.Build.0 = Release|x86
		{6D1F6130-419A-497C-BAB3-8122EF6D040F}.Release|x86.Deploy.0 = Release|x86
		{8980DB92-961B-4C68-ADE6-340BE419EFC9}.Ad-Hoc|Any CPU.ActiveCfg = Release|Any CPU
		{8980DB92-961B-4C68-ADE6-340BE419EFC9}.Ad-Hoc|Any CPU.Build.0 = Release|Any CPU
		{8980DB92-961B-4C68-ADE6-340BE419EFC9}.Ad-Hoc|Any CPU.Deploy.0 = Release|Any CPU
		{8980DB92-961B-4C68-ADE6-340BE419EFC9}.Ad-Hoc|ARM.ActiveCfg = Release|Any CPU
		{8980DB92-961B-4C68-ADE6-340BE419EFC9}.Ad-Hoc|ARM.Build.0 = Release|Any CPU
		{8980DB92-961B-4C68-ADE6-340BE419EFC9}.Ad-Hoc|ARM.Deploy.0 = Release|Any CPU
		{8980DB92-961B-4C68-ADE6-340BE419EFC9}.Ad-Hoc|iPhone.ActiveCfg = Release|Any CPU
		{8980DB92-961B-4C68-ADE6-340BE419EFC9}.Ad-Hoc|iPhone.Build.0 = Release|Any CPU
		{8980DB92-961B-4C68-ADE6-340BE419EFC9}.Ad-Hoc|iPhone.Deploy.0 = Release|Any CPU
		{8980DB92-961B-4C68-ADE6-340BE419EFC9}.Ad-Hoc|iPhoneSimulator.ActiveCfg = Release|Any CPU
		{8980DB92-961B-4C68-ADE6-340BE419EFC9}.Ad-Hoc|iPhoneSimulator.Build.0 = Release|Any CPU
		{8980DB92-961B-4C68-ADE6-340BE419EFC9}.Ad-Hoc|iPhoneSimulator.Deploy.0 = Release|Any CPU
		{8980DB92-961B-4C68-ADE6-340BE419EFC9}.Ad-Hoc|x64.ActiveCfg = Release|Any CPU
		{8980DB92-961B-4C68-ADE6-340BE419EFC9}.Ad-Hoc|x64.Build.0 = Release|Any CPU
		{8980DB92-961B-4C68-ADE6-340BE419EFC9}.Ad-Hoc|x64.Deploy.0 = Release|Any CPU
		{8980DB92-961B-4C68-ADE6-340BE419EFC9}.Ad-Hoc|x86.ActiveCfg = Release|Any CPU
		{8980DB92-961B-4C68-ADE6-340BE419EFC9}.Ad-Hoc|x86.Build.0 = Release|Any CPU
		{8980DB92-961B-4C68-ADE6-340BE419EFC9}.Ad-Hoc|x86.Deploy.0 = Release|Any CPU
		{8980DB92-961B-4C68-ADE6-340BE419EFC9}.AppStore|Any CPU.ActiveCfg = Release|Any CPU
		{8980DB92-961B-4C68-ADE6-340BE419EFC9}.AppStore|Any CPU.Build.0 = Release|Any CPU
		{8980DB92-961B-4C68-ADE6-340BE419EFC9}.AppStore|Any CPU.Deploy.0 = Release|Any CPU
		{8980DB92-961B-4C68-ADE6-340BE419EFC9}.AppStore|ARM.ActiveCfg = Release|Any CPU
		{8980DB92-961B-4C68-ADE6-340BE419EFC9}.AppStore|ARM.Build.0 = Release|Any CPU
		{8980DB92-961B-4C68-ADE6-340BE419EFC9}.AppStore|ARM.Deploy.0 = Release|Any CPU
		{8980DB92-961B-4C68-ADE6-340BE419EFC9}.AppStore|iPhone.ActiveCfg = Release|Any CPU
		{8980DB92-961B-4C68-ADE6-340BE419EFC9}.AppStore|iPhone.Build.0 = Release|Any CPU
		{8980DB92-961B-4C68-ADE6-340BE419EFC9}.AppStore|iPhone.Deploy.0 = Release|Any CPU
		{8980DB92-961B-4C68-ADE6-340BE419EFC9}.AppStore|iPhoneSimulator.ActiveCfg = Release|Any CPU
		{8980DB92-961B-4C68-ADE6-340BE419EFC9}.AppStore|iPhoneSimulator.Build.0 = Release|Any CPU
		{8980DB92-961B-4C68-ADE6-340BE419EFC9}.AppStore|iPhoneSimulator.Deploy.0 = Release|Any CPU
		{8980DB92-961B-4C68-ADE6-340BE419EFC9}.AppStore|x64.ActiveCfg = Release|Any CPU
		{8980DB92-961B-4C68-ADE6-340BE419EFC9}.AppStore|x64.Build.0 = Release|Any CPU
		{8980DB92-961B-4C68-ADE6-340BE419EFC9}.AppStore|x64.Deploy.0 = Release|Any CPU
		{8980DB92-961B-4C68-ADE6-340BE419EFC9}.AppStore|x86.ActiveCfg = Release|Any CPU
		{8980DB92-961B-4C68-ADE6-340BE419EFC9}.AppStore|x86.Build.0 = Release|Any CPU
		{8980DB92-961B-4C68-ADE6-340BE419EFC9}.AppStore|x86.Deploy.0 = Release|Any CPU
		{8980DB92-961B-4C68-ADE6-340BE419EFC9}.Debug|Any CPU.ActiveCfg = Debug|Any CPU
		{8980DB92-961B-4C68-ADE6-340BE419EFC9}.Debug|Any CPU.Build.0 = Debug|Any CPU
		{8980DB92-961B-4C68-ADE6-340BE419EFC9}.Debug|Any CPU.Deploy.0 = Debug|Any CPU
		{8980DB92-961B-4C68-ADE6-340BE419EFC9}.Debug|ARM.ActiveCfg = Debug|Any CPU
		{8980DB92-961B-4C68-ADE6-340BE419EFC9}.Debug|ARM.Build.0 = Debug|Any CPU
		{8980DB92-961B-4C68-ADE6-340BE419EFC9}.Debug|ARM.Deploy.0 = Debug|Any CPU
		{8980DB92-961B-4C68-ADE6-340BE419EFC9}.Debug|iPhone.ActiveCfg = Debug|Any CPU
		{8980DB92-961B-4C68-ADE6-340BE419EFC9}.Debug|iPhone.Build.0 = Debug|Any CPU
		{8980DB92-961B-4C68-ADE6-340BE419EFC9}.Debug|iPhone.Deploy.0 = Debug|Any CPU
		{8980DB92-961B-4C68-ADE6-340BE419EFC9}.Debug|iPhoneSimulator.ActiveCfg = Debug|Any CPU
		{8980DB92-961B-4C68-ADE6-340BE419EFC9}.Debug|iPhoneSimulator.Build.0 = Debug|Any CPU
		{8980DB92-961B-4C68-ADE6-340BE419EFC9}.Debug|iPhoneSimulator.Deploy.0 = Debug|Any CPU
		{8980DB92-961B-4C68-ADE6-340BE419EFC9}.Debug|x64.ActiveCfg = Debug|Any CPU
		{8980DB92-961B-4C68-ADE6-340BE419EFC9}.Debug|x64.Build.0 = Debug|Any CPU
		{8980DB92-961B-4C68-ADE6-340BE419EFC9}.Debug|x64.Deploy.0 = Debug|Any CPU
		{8980DB92-961B-4C68-ADE6-340BE419EFC9}.Debug|x86.ActiveCfg = Debug|Any CPU
		{8980DB92-961B-4C68-ADE6-340BE419EFC9}.Debug|x86.Build.0 = Debug|Any CPU
		{8980DB92-961B-4C68-ADE6-340BE419EFC9}.Debug|x86.Deploy.0 = Debug|Any CPU
		{8980DB92-961B-4C68-ADE6-340BE419EFC9}.Release|Any CPU.ActiveCfg = Release|Any CPU
		{8980DB92-961B-4C68-ADE6-340BE419EFC9}.Release|Any CPU.Build.0 = Release|Any CPU
		{8980DB92-961B-4C68-ADE6-340BE419EFC9}.Release|Any CPU.Deploy.0 = Release|Any CPU
		{8980DB92-961B-4C68-ADE6-340BE419EFC9}.Release|ARM.ActiveCfg = Release|Any CPU
		{8980DB92-961B-4C68-ADE6-340BE419EFC9}.Release|ARM.Build.0 = Release|Any CPU
		{8980DB92-961B-4C68-ADE6-340BE419EFC9}.Release|ARM.Deploy.0 = Release|Any CPU
		{8980DB92-961B-4C68-ADE6-340BE419EFC9}.Release|iPhone.ActiveCfg = Release|Any CPU
		{8980DB92-961B-4C68-ADE6-340BE419EFC9}.Release|iPhone.Build.0 = Release|Any CPU
		{8980DB92-961B-4C68-ADE6-340BE419EFC9}.Release|iPhone.Deploy.0 = Release|Any CPU
		{8980DB92-961B-4C68-ADE6-340BE419EFC9}.Release|iPhoneSimulator.ActiveCfg = Release|Any CPU
		{8980DB92-961B-4C68-ADE6-340BE419EFC9}.Release|iPhoneSimulator.Build.0 = Release|Any CPU
		{8980DB92-961B-4C68-ADE6-340BE419EFC9}.Release|iPhoneSimulator.Deploy.0 = Release|Any CPU
		{8980DB92-961B-4C68-ADE6-340BE419EFC9}.Release|x64.ActiveCfg = Release|Any CPU
		{8980DB92-961B-4C68-ADE6-340BE419EFC9}.Release|x64.Build.0 = Release|Any CPU
		{8980DB92-961B-4C68-ADE6-340BE419EFC9}.Release|x64.Deploy.0 = Release|Any CPU
		{8980DB92-961B-4C68-ADE6-340BE419EFC9}.Release|x86.ActiveCfg = Release|Any CPU
		{8980DB92-961B-4C68-ADE6-340BE419EFC9}.Release|x86.Build.0 = Release|Any CPU
		{8980DB92-961B-4C68-ADE6-340BE419EFC9}.Release|x86.Deploy.0 = Release|Any CPU
		{B59CC60F-86D8-4272-AFD0-5DB5441322AC}.Ad-Hoc|Any CPU.ActiveCfg = Ad-Hoc|iPhone
		{B59CC60F-86D8-4272-AFD0-5DB5441322AC}.Ad-Hoc|ARM.ActiveCfg = Ad-Hoc|iPhone
		{B59CC60F-86D8-4272-AFD0-5DB5441322AC}.Ad-Hoc|iPhone.ActiveCfg = Ad-Hoc|iPhone
		{B59CC60F-86D8-4272-AFD0-5DB5441322AC}.Ad-Hoc|iPhone.Build.0 = Ad-Hoc|iPhone
		{B59CC60F-86D8-4272-AFD0-5DB5441322AC}.Ad-Hoc|iPhoneSimulator.ActiveCfg = Ad-Hoc|iPhoneSimulator
		{B59CC60F-86D8-4272-AFD0-5DB5441322AC}.Ad-Hoc|iPhoneSimulator.Build.0 = Ad-Hoc|iPhoneSimulator
		{B59CC60F-86D8-4272-AFD0-5DB5441322AC}.Ad-Hoc|x64.ActiveCfg = Ad-Hoc|iPhone
		{B59CC60F-86D8-4272-AFD0-5DB5441322AC}.Ad-Hoc|x86.ActiveCfg = Ad-Hoc|iPhone
		{B59CC60F-86D8-4272-AFD0-5DB5441322AC}.AppStore|Any CPU.ActiveCfg = AppStore|iPhone
		{B59CC60F-86D8-4272-AFD0-5DB5441322AC}.AppStore|ARM.ActiveCfg = AppStore|iPhone
		{B59CC60F-86D8-4272-AFD0-5DB5441322AC}.AppStore|iPhone.ActiveCfg = AppStore|iPhone
		{B59CC60F-86D8-4272-AFD0-5DB5441322AC}.AppStore|iPhone.Build.0 = AppStore|iPhone
		{B59CC60F-86D8-4272-AFD0-5DB5441322AC}.AppStore|iPhoneSimulator.ActiveCfg = AppStore|iPhoneSimulator
		{B59CC60F-86D8-4272-AFD0-5DB5441322AC}.AppStore|iPhoneSimulator.Build.0 = AppStore|iPhoneSimulator
		{B59CC60F-86D8-4272-AFD0-5DB5441322AC}.AppStore|x64.ActiveCfg = AppStore|iPhone
		{B59CC60F-86D8-4272-AFD0-5DB5441322AC}.AppStore|x86.ActiveCfg = AppStore|iPhone
		{B59CC60F-86D8-4272-AFD0-5DB5441322AC}.Debug|Any CPU.ActiveCfg = Debug|iPhone
		{B59CC60F-86D8-4272-AFD0-5DB5441322AC}.Debug|ARM.ActiveCfg = Debug|iPhone
		{B59CC60F-86D8-4272-AFD0-5DB5441322AC}.Debug|iPhone.ActiveCfg = Debug|iPhone
		{B59CC60F-86D8-4272-AFD0-5DB5441322AC}.Debug|iPhone.Build.0 = Debug|iPhone
		{B59CC60F-86D8-4272-AFD0-5DB5441322AC}.Debug|iPhoneSimulator.ActiveCfg = Debug|iPhoneSimulator
		{B59CC60F-86D8-4272-AFD0-5DB5441322AC}.Debug|iPhoneSimulator.Build.0 = Debug|iPhoneSimulator
		{B59CC60F-86D8-4272-AFD0-5DB5441322AC}.Debug|x64.ActiveCfg = Debug|iPhone
		{B59CC60F-86D8-4272-AFD0-5DB5441322AC}.Debug|x86.ActiveCfg = Debug|iPhone
		{B59CC60F-86D8-4272-AFD0-5DB5441322AC}.Release|Any CPU.ActiveCfg = Release|iPhone
		{B59CC60F-86D8-4272-AFD0-5DB5441322AC}.Release|ARM.ActiveCfg = Release|iPhone
		{B59CC60F-86D8-4272-AFD0-5DB5441322AC}.Release|iPhone.ActiveCfg = Release|iPhone
		{B59CC60F-86D8-4272-AFD0-5DB5441322AC}.Release|iPhone.Build.0 = Release|iPhone
		{B59CC60F-86D8-4272-AFD0-5DB5441322AC}.Release|iPhoneSimulator.ActiveCfg = Release|iPhoneSimulator
		{B59CC60F-86D8-4272-AFD0-5DB5441322AC}.Release|iPhoneSimulator.Build.0 = Release|iPhoneSimulator
		{B59CC60F-86D8-4272-AFD0-5DB5441322AC}.Release|x64.ActiveCfg = Release|iPhone
		{B59CC60F-86D8-4272-AFD0-5DB5441322AC}.Release|x86.ActiveCfg = Release|iPhone
	EndGlobalSection
	GlobalSection(SolutionProperties) = preSolution
		HideSolutionNode = FALSE
	EndGlobalSection
EndGlobal
