
Microsoft Visual Studio Solution File, Format Version 12.00
# Visual Studio Version 16
VisualStudioVersion = 16.0.30204.135
MinimumVisualStudioVersion = 10.0.40219.1
Project("{FAE04EC0-301F-11D3-BF4B-00C04F79EFBC}") = "FlashCardSampleGame.WindowsDX", "FlashCardSampleGame.DesktopGL\FlashCardSampleGame.WindowsDX.csproj", "{A49F0156-84AF-4F72-84D5-B42FDA202212}"
EndProject
Project("{D954291E-2A0B-460D-934E-DC6B0785DB48}") = "FlashCardSampleGame.SharedProject", "FlashCardSampleGame.SharedProject\FlashCardSampleGame.SharedProject.shproj", "{B5E323E4-9399-4BC6-9F7B-029C2546D54B}"
EndProject
Project("{FAE04EC0-301F-11D3-BF4B-00C04F79EFBC}") = "FlashCardSampleGame.Android", "FlashCardSampleGame.Android\FlashCardSampleGame.Android.csproj", "{8980DB92-961B-4C68-ADE6-340BE419EFC9}"
EndProject
Project("{FAE04EC0-301F-11D3-BF4B-00C04F79EFBC}") = "FlashCardSampleGame.iOS", "FlashCardSampleGame.iOS\FlashCardSampleGame.iOS.csproj", "{B59CC60F-86D8-4272-AFD0-5DB5441322AC}"
EndProject
Project("{D954291E-2A0B-460D-934E-DC6B0785DB48}") = "FlashCards.SharedProject", "..\FlashCards\FlashCards\FlashCards.SharedProject\FlashCards.SharedProject.shproj", "{B33B759D-65B2-4571-B53A-6D91E8075570}"
EndProject
Project("{FAE04EC0-301F-11D3-BF4B-00C04F79EFBC}") = "FlashCards.WindowsDX", "..\FlashCards\FlashCards\FlashCards.WindowsDX\FlashCards.WindowsDX.csproj", "{54D68257-6F4B-4919-A33B-BBFDD01D8D0E}"
EndProject
Project("{FAE04EC0-301F-11D3-BF4B-00C04F79EFBC}") = "FlashCards.Android", "..\FlashCards\FlashCards\FlashCards.Android\FlashCards.Android.csproj", "{66DDF24C-0022-42C7-A32F-2DBA6FA418CC}"
EndProject
Global
	GlobalSection(SharedMSBuildProjectFiles) = preSolution
		..\FlashCards\FlashCards\FlashCards.SharedProject\FlashCards.SharedProject.projitems*{54d68257-6f4b-4919-a33b-bbfdd01d8d0e}*SharedItemsImports = 4
		..\FlashCards\FlashCards\FlashCards.SharedProject\FlashCards.SharedProject.projitems*{66ddf24c-0022-42c7-a32f-2dba6fa418cc}*SharedItemsImports = 4
		FlashCardSampleGame.SharedProject\FlashCardSampleGame.SharedProject.projitems*{8980db92-961b-4c68-ade6-340be419efc9}*SharedItemsImports = 4
		FlashCardSampleGame.SharedProject\FlashCardSampleGame.SharedProject.projitems*{a49f0156-84af-4f72-84d5-b42fda202212}*SharedItemsImports = 4
		..\FlashCards\FlashCards\FlashCards.SharedProject\FlashCards.SharedProject.projitems*{b33b759d-65b2-4571-b53a-6d91e8075570}*SharedItemsImports = 13
		FlashCardSampleGame.SharedProject\FlashCardSampleGame.SharedProject.projitems*{b59cc60f-86d8-4272-afd0-5db5441322ac}*SharedItemsImports = 4
		FlashCardSampleGame.SharedProject\FlashCardSampleGame.SharedProject.projitems*{b5e323e4-9399-4bc6-9f7b-029c2546d54b}*SharedItemsImports = 13
	EndGlobalSection
	GlobalSection(SolutionConfigurationPlatforms) = preSolution
		Ad-Hoc|Any CPU = Ad-Hoc|Any CPU
		Ad-Hoc|ARM = Ad-Hoc|ARM
		Ad-Hoc|iPhone = Ad-Hoc|iPhone
		Ad-Hoc|iPhoneSimulator = Ad-Hoc|iPhoneSimulator
		Ad-Hoc|x64 = Ad-Hoc|x64
		Ad-Hoc|x86 = Ad-Hoc|x86
		AppStore|Any CPU = AppStore|Any CPU
		AppStore|ARM = AppStore|ARM
		AppStore|iPhone = AppStore|iPhone
		AppStore|iPhoneSimulator = AppStore|iPhoneSimulator
		AppStore|x64 = AppStore|x64
		AppStore|x86 = AppStore|x86
		Debug|Any CPU = Debug|Any CPU
		Debug|ARM = Debug|ARM
		Debug|iPhone = Debug|iPhone
		Debug|iPhoneSimulator = Debug|iPhoneSimulator
		Debug|x64 = Debug|x64
		Debug|x86 = Debug|x86
		Release|Any CPU = Release|Any CPU
		Release|ARM = Release|ARM
		Release|iPhone = Release|iPhone
		Release|iPhoneSimulator = Release|iPhoneSimulator
		Release|x64 = Release|x64
		Release|x86 = Release|x86
	EndGlobalSection
	GlobalSection(ProjectConfigurationPlatforms) = postSolution
		{A49F0156-84AF-4F72-84D5-B42FDA202212}.Ad-Hoc|Any CPU.ActiveCfg = Release|x86
		{A49F0156-84AF-4F72-84D5-B42FDA202212}.Ad-Hoc|Any CPU.Build.0 = Release|x86
		{A49F0156-84AF-4F72-84D5-B42FDA202212}.Ad-Hoc|ARM.ActiveCfg = Release|x86
		{A49F0156-84AF-4F72-84D5-B42FDA202212}.Ad-Hoc|ARM.Build.0 = Release|x86
		{A49F0156-84AF-4F72-84D5-B42FDA202212}.Ad-Hoc|iPhone.ActiveCfg = Release|x86
		{A49F0156-84AF-4F72-84D5-B42FDA202212}.Ad-Hoc|iPhone.Build.0 = Release|x86
		{A49F0156-84AF-4F72-84D5-B42FDA202212}.Ad-Hoc|iPhoneSimulator.ActiveCfg = Release|x86
		{A49F0156-84AF-4F72-84D5-B42FDA202212}.Ad-Hoc|iPhoneSimulator.Build.0 = Release|x86
		{A49F0156-84AF-4F72-84D5-B42FDA202212}.Ad-Hoc|x64.ActiveCfg = Release|x86
		{A49F0156-84AF-4F72-84D5-B42FDA202212}.Ad-Hoc|x64.Build.0 = Release|x86
		{A49F0156-84AF-4F72-84D5-B42FDA202212}.Ad-Hoc|x86.ActiveCfg = Release|x86
		{A49F0156-84AF-4F72-84D5-B42FDA202212}.Ad-Hoc|x86.Build.0 = Release|x86
		{A49F0156-84AF-4F72-84D5-B42FDA202212}.AppStore|Any CPU.ActiveCfg = Release|x86
		{A49F0156-84AF-4F72-84D5-B42FDA202212}.AppStore|Any CPU.Build.0 = Release|x86
		{A49F0156-84AF-4F72-84D5-B42FDA202212}.AppStore|ARM.ActiveCfg = Release|x86
		{A49F0156-84AF-4F72-84D5-B42FDA202212}.AppStore|ARM.Build.0 = Release|x86
		{A49F0156-84AF-4F72-84D5-B42FDA202212}.AppStore|iPhone.ActiveCfg = Release|x86
		{A49F0156-84AF-4F72-84D5-B42FDA202212}.AppStore|iPhone.Build.0 = Release|x86
		{A49F0156-84AF-4F72-84D5-B42FDA202212}.AppStore|iPhoneSimulator.ActiveCfg = Release|x86
		{A49F0156-84AF-4F72-84D5-B42FDA202212}.AppStore|iPhoneSimulator.Build.0 = Release|x86
		{A49F0156-84AF-4F72-84D5-B42FDA202212}.AppStore|x64.ActiveCfg = Release|x86
		{A49F0156-84AF-4F72-84D5-B42FDA202212}.AppStore|x64.Build.0 = Release|x86
		{A49F0156-84AF-4F72-84D5-B42FDA202212}.AppStore|x86.ActiveCfg = Release|x86
		{A49F0156-84AF-4F72-84D5-B42FDA202212}.AppStore|x86.Build.0 = Release|x86
		{A49F0156-84AF-4F72-84D5-B42FDA202212}.Debug|Any CPU.ActiveCfg = Debug|Any CPU
		{A49F0156-84AF-4F72-84D5-B42FDA202212}.Debug|Any CPU.Build.0 = Debug|Any CPU
		{A49F0156-84AF-4F72-84D5-B42FDA202212}.Debug|ARM.ActiveCfg = Debug|x86
		{A49F0156-84AF-4F72-84D5-B42FDA202212}.Debug|iPhone.ActiveCfg = Debug|x86
		{A49F0156-84AF-4F72-84D5-B42FDA202212}.Debug|iPhoneSimulator.ActiveCfg = Debug|x86
		{A49F0156-84AF-4F72-84D5-B42FDA202212}.Debug|x64.ActiveCfg = Debug|x86
		{A49F0156-84AF-4F72-84D5-B42FDA202212}.Debug|x86.ActiveCfg = Debug|x86
		{A49F0156-84AF-4F72-84D5-B42FDA202212}.Debug|x86.Build.0 = Debug|x86
		{A49F0156-84AF-4F72-84D5-B42FDA202212}.Release|Any CPU.ActiveCfg = Release|x86
		{A49F0156-84AF-4F72-84D5-B42FDA202212}.Release|ARM.ActiveCfg = Release|x86
		{A49F0156-84AF-4F72-84D5-B42FDA202212}.Release|iPhone.ActiveCfg = Release|x86
		{A49F0156-84AF-4F72-84D5-B42FDA202212}.Release|iPhoneSimulator.ActiveCfg = Release|x86
		{A49F0156-84AF-4F72-84D5-B42FDA202212}.Release|x64.ActiveCfg = Release|x86
		{A49F0156-84AF-4F72-84D5-B42FDA202212}.Release|x86.ActiveCfg = Release|x86
		{A49F0156-84AF-4F72-84D5-B42FDA202212}.Release|x86.Build.0 = Release|x86
		{8980DB92-961B-4C68-ADE6-340BE419EFC9}.Ad-Hoc|Any CPU.ActiveCfg = Release|Any CPU
		{8980DB92-961B-4C68-ADE6-340BE419EFC9}.Ad-Hoc|Any CPU.Build.0 = Release|Any CPU
		{8980DB92-961B-4C68-ADE6-340BE419EFC9}.Ad-Hoc|Any CPU.Deploy.0 = Release|Any CPU
		{8980DB92-961B-4C68-ADE6-340BE419EFC9}.Ad-Hoc|ARM.ActiveCfg = Release|Any CPU
		{8980DB92-961B-4C68-ADE6-340BE419EFC9}.Ad-Hoc|ARM.Build.0 = Release|Any CPU
		{8980DB92-961B-4C68-ADE6-340BE419EFC9}.Ad-Hoc|ARM.Deploy.0 = Release|Any CPU
		{8980DB92-961B-4C68-ADE6-340BE419EFC9}.Ad-Hoc|iPhone.ActiveCfg = Release|Any CPU
		{8980DB92-961B-4C68-ADE6-340BE419EFC9}.Ad-Hoc|iPhone.Build.0 = Release|Any CPU
		{8980DB92-961B-4C68-ADE6-340BE419EFC9}.Ad-Hoc|iPhone.Deploy.0 = Release|Any CPU
		{8980DB92-961B-4C68-ADE6-340BE419EFC9}.Ad-Hoc|iPhoneSimulator.ActiveCfg = Release|Any CPU
		{8980DB92-961B-4C68-ADE6-340BE419EFC9}.Ad-Hoc|iPhoneSimulator.Build.0 = Release|Any CPU
		{8980DB92-961B-4C68-ADE6-340BE419EFC9}.Ad-Hoc|iPhoneSimulator.Deploy.0 = Release|Any CPU
		{8980DB92-961B-4C68-ADE6-340BE419EFC9}.Ad-Hoc|x64.ActiveCfg = Release|Any CPU
		{8980DB92-961B-4C68-ADE6-340BE419EFC9}.Ad-Hoc|x64.Build.0 = Release|Any CPU
		{8980DB92-961B-4C68-ADE6-340BE419EFC9}.Ad-Hoc|x64.Deploy.0 = Release|Any CPU
		{8980DB92-961B-4C68-ADE6-340BE419EFC9}.Ad-Hoc|x86.ActiveCfg = Release|Any CPU
		{8980DB92-961B-4C68-ADE6-340BE419EFC9}.Ad-Hoc|x86.Build.0 = Release|Any CPU
		{8980DB92-961B-4C68-ADE6-340BE419EFC9}.Ad-Hoc|x86.Deploy.0 = Release|Any CPU
		{8980DB92-961B-4C68-ADE6-340BE419EFC9}.AppStore|Any CPU.ActiveCfg = Release|Any CPU
		{8980DB92-961B-4C68-ADE6-340BE419EFC9}.AppStore|Any CPU.Build.0 = Release|Any CPU
		{8980DB92-961B-4C68-ADE6-340BE419EFC9}.AppStore|Any CPU.Deploy.0 = Release|Any CPU
		{8980DB92-961B-4C68-ADE6-340BE419EFC9}.AppStore|ARM.ActiveCfg = Release|Any CPU
		{8980DB92-961B-4C68-ADE6-340BE419EFC9}.AppStore|ARM.Build.0 = Release|Any CPU
		{8980DB92-961B-4C68-ADE6-340BE419EFC9}.AppStore|ARM.Deploy.0 = Release|Any CPU
		{8980DB92-961B-4C68-ADE6-340BE419EFC9}.AppStore|iPhone.ActiveCfg = Release|Any CPU
		{8980DB92-961B-4C68-ADE6-340BE419EFC9}.AppStore|iPhone.Build.0 = Release|Any CPU
		{8980DB92-961B-4C68-ADE6-340BE419EFC9}.AppStore|iPhone.Deploy.0 = Release|Any CPU
		{8980DB92-961B-4C68-ADE6-340BE419EFC9}.AppStore|iPhoneSimulator.ActiveCfg = Release|Any CPU
		{8980DB92-961B-4C68-ADE6-340BE419EFC9}.AppStore|iPhoneSimulator.Build.0 = Release|Any CPU
		{8980DB92-961B-4C68-ADE6-340BE419EFC9}.AppStore|iPhoneSimulator.Deploy.0 = Release|Any CPU
		{8980DB92-961B-4C68-ADE6-340BE419EFC9}.AppStore|x64.ActiveCfg = Release|Any CPU
		{8980DB92-961B-4C68-ADE6-340BE419EFC9}.AppStore|x64.Build.0 = Release|Any CPU
		{8980DB92-961B-4C68-ADE6-340BE419EFC9}.AppStore|x64.Deploy.0 = Release|Any CPU
		{8980DB92-961B-4C68-ADE6-340BE419EFC9}.AppStore|x86.ActiveCfg = Release|Any CPU
		{8980DB92-961B-4C68-ADE6-340BE419EFC9}.AppStore|x86.Build.0 = Release|Any CPU
		{8980DB92-961B-4C68-ADE6-340BE419EFC9}.AppStore|x86.Deploy.0 = Release|Any CPU
		{8980DB92-961B-4C68-ADE6-340BE419EFC9}.Debug|Any CPU.ActiveCfg = Debug|Any CPU
		{8980DB92-961B-4C68-ADE6-340BE419EFC9}.Debug|Any CPU.Build.0 = Debug|Any CPU
		{8980DB92-961B-4C68-ADE6-340BE419EFC9}.Debug|Any CPU.Deploy.0 = Debug|Any CPU
		{8980DB92-961B-4C68-ADE6-340BE419EFC9}.Debug|ARM.ActiveCfg = Debug|Any CPU
		{8980DB92-961B-4C68-ADE6-340BE419EFC9}.Debug|ARM.Build.0 = Debug|Any CPU
		{8980DB92-961B-4C68-ADE6-340BE419EFC9}.Debug|ARM.Deploy.0 = Debug|Any CPU
		{8980DB92-961B-4C68-ADE6-340BE419EFC9}.Debug|iPhone.ActiveCfg = Debug|Any CPU
		{8980DB92-961B-4C68-ADE6-340BE419EFC9}.Debug|iPhone.Build.0 = Debug|Any CPU
		{8980DB92-961B-4C68-ADE6-340BE419EFC9}.Debug|iPhone.Deploy.0 = Debug|Any CPU
		{8980DB92-961B-4C68-ADE6-340BE419EFC9}.Debug|iPhoneSimulator.ActiveCfg = Debug|Any CPU
		{8980DB92-961B-4C68-ADE6-340BE419EFC9}.Debug|iPhoneSimulator.Build.0 = Debug|Any CPU
		{8980DB92-961B-4C68-ADE6-340BE419EFC9}.Debug|iPhoneSimulator.Deploy.0 = Debug|Any CPU
		{8980DB92-961B-4C68-ADE6-340BE419EFC9}.Debug|x64.ActiveCfg = Debug|Any CPU
		{8980DB92-961B-4C68-ADE6-340BE419EFC9}.Debug|x64.Build.0 = Debug|Any CPU
		{8980DB92-961B-4C68-ADE6-340BE419EFC9}.Debug|x64.Deploy.0 = Debug|Any CPU
		{8980DB92-961B-4C68-ADE6-340BE419EFC9}.Debug|x86.ActiveCfg = Debug|Any CPU
		{8980DB92-961B-4C68-ADE6-340BE419EFC9}.Debug|x86.Build.0 = Debug|Any CPU
		{8980DB92-961B-4C68-ADE6-340BE419EFC9}.Debug|x86.Deploy.0 = Debug|Any CPU
		{8980DB92-961B-4C68-ADE6-340BE419EFC9}.Release|Any CPU.ActiveCfg = Release|Any CPU
		{8980DB92-961B-4C68-ADE6-340BE419EFC9}.Release|Any CPU.Build.0 = Release|Any CPU
		{8980DB92-961B-4C68-ADE6-340BE419EFC9}.Release|Any CPU.Deploy.0 = Release|Any CPU
		{8980DB92-961B-4C68-ADE6-340BE419EFC9}.Release|ARM.ActiveCfg = Release|Any CPU
		{8980DB92-961B-4C68-ADE6-340BE419EFC9}.Release|ARM.Build.0 = Release|Any CPU
		{8980DB92-961B-4C68-ADE6-340BE419EFC9}.Release|ARM.Deploy.0 = Release|Any CPU
		{8980DB92-961B-4C68-ADE6-340BE419EFC9}.Release|iPhone.ActiveCfg = Release|Any CPU
		{8980DB92-961B-4C68-ADE6-340BE419EFC9}.Release|iPhone.Build.0 = Release|Any CPU
		{8980DB92-961B-4C68-ADE6-340BE419EFC9}.Release|iPhone.Deploy.0 = Release|Any CPU
		{8980DB92-961B-4C68-ADE6-340BE419EFC9}.Release|iPhoneSimulator.ActiveCfg = Release|Any CPU
		{8980DB92-961B-4C68-ADE6-340BE419EFC9}.Release|iPhoneSimulator.Build.0 = Release|Any CPU
		{8980DB92-961B-4C68-ADE6-340BE419EFC9}.Release|iPhoneSimulator.Deploy.0 = Release|Any CPU
		{8980DB92-961B-4C68-ADE6-340BE419EFC9}.Release|x64.ActiveCfg = Release|Any CPU
		{8980DB92-961B-4C68-ADE6-340BE419EFC9}.Release|x64.Build.0 = Release|Any CPU
		{8980DB92-961B-4C68-ADE6-340BE419EFC9}.Release|x64.Deploy.0 = Release|Any CPU
		{8980DB92-961B-4C68-ADE6-340BE419EFC9}.Release|x86.ActiveCfg = Release|Any CPU
		{8980DB92-961B-4C68-ADE6-340BE419EFC9}.Release|x86.Build.0 = Release|Any CPU
		{8980DB92-961B-4C68-ADE6-340BE419EFC9}.Release|x86.Deploy.0 = Release|Any CPU
		{B59CC60F-86D8-4272-AFD0-5DB5441322AC}.Ad-Hoc|Any CPU.ActiveCfg = Ad-Hoc|iPhone
		{B59CC60F-86D8-4272-AFD0-5DB5441322AC}.Ad-Hoc|ARM.ActiveCfg = Ad-Hoc|iPhone
		{B59CC60F-86D8-4272-AFD0-5DB5441322AC}.Ad-Hoc|iPhone.ActiveCfg = Ad-Hoc|iPhone
		{B59CC60F-86D8-4272-AFD0-5DB5441322AC}.Ad-Hoc|iPhone.Build.0 = Ad-Hoc|iPhone
		{B59CC60F-86D8-4272-AFD0-5DB5441322AC}.Ad-Hoc|iPhoneSimulator.ActiveCfg = Ad-Hoc|iPhoneSimulator
		{B59CC60F-86D8-4272-AFD0-5DB5441322AC}.Ad-Hoc|iPhoneSimulator.Build.0 = Ad-Hoc|iPhoneSimulator
		{B59CC60F-86D8-4272-AFD0-5DB5441322AC}.Ad-Hoc|x64.ActiveCfg = Ad-Hoc|iPhone
		{B59CC60F-86D8-4272-AFD0-5DB5441322AC}.Ad-Hoc|x86.ActiveCfg = Ad-Hoc|iPhone
		{B59CC60F-86D8-4272-AFD0-5DB5441322AC}.AppStore|Any CPU.ActiveCfg = AppStore|iPhone
		{B59CC60F-86D8-4272-AFD0-5DB5441322AC}.AppStore|ARM.ActiveCfg = AppStore|iPhone
		{B59CC60F-86D8-4272-AFD0-5DB5441322AC}.AppStore|iPhone.ActiveCfg = AppStore|iPhone
		{B59CC60F-86D8-4272-AFD0-5DB5441322AC}.AppStore|iPhone.Build.0 = AppStore|iPhone
		{B59CC60F-86D8-4272-AFD0-5DB5441322AC}.AppStore|iPhoneSimulator.ActiveCfg = AppStore|iPhoneSimulator
		{B59CC60F-86D8-4272-AFD0-5DB5441322AC}.AppStore|iPhoneSimulator.Build.0 = AppStore|iPhoneSimulator
		{B59CC60F-86D8-4272-AFD0-5DB5441322AC}.AppStore|x64.ActiveCfg = AppStore|iPhone
		{B59CC60F-86D8-4272-AFD0-5DB5441322AC}.AppStore|x86.ActiveCfg = AppStore|iPhone
		{B59CC60F-86D8-4272-AFD0-5DB5441322AC}.Debug|Any CPU.ActiveCfg = Debug|iPhone
		{B59CC60F-86D8-4272-AFD0-5DB5441322AC}.Debug|ARM.ActiveCfg = Debug|iPhone
		{B59CC60F-86D8-4272-AFD0-5DB5441322AC}.Debug|iPhone.ActiveCfg = Debug|iPhone
		{B59CC60F-86D8-4272-AFD0-5DB5441322AC}.Debug|iPhone.Build.0 = Debug|iPhone
		{B59CC60F-86D8-4272-AFD0-5DB5441322AC}.Debug|iPhoneSimulator.ActiveCfg = Debug|iPhoneSimulator
		{B59CC60F-86D8-4272-AFD0-5DB5441322AC}.Debug|iPhoneSimulator.Build.0 = Debug|iPhoneSimulator
		{B59CC60F-86D8-4272-AFD0-5DB5441322AC}.Debug|x64.ActiveCfg = Debug|iPhone
		{B59CC60F-86D8-4272-AFD0-5DB5441322AC}.Debug|x86.ActiveCfg = Debug|iPhone
		{B59CC60F-86D8-4272-AFD0-5DB5441322AC}.Release|Any CPU.ActiveCfg = Release|iPhone
		{B59CC60F-86D8-4272-AFD0-5DB5441322AC}.Release|ARM.ActiveCfg = Release|iPhone
		{B59CC60F-86D8-4272-AFD0-5DB5441322AC}.Release|iPhone.ActiveCfg = Release|iPhone
		{B59CC60F-86D8-4272-AFD0-5DB5441322AC}.Release|iPhone.Build.0 = Release|iPhone
		{B59CC60F-86D8-4272-AFD0-5DB5441322AC}.Release|iPhoneSimulator.ActiveCfg = Release|iPhoneSimulator
		{B59CC60F-86D8-4272-AFD0-5DB5441322AC}.Release|iPhoneSimulator.Build.0 = Release|iPhoneSimulator
		{B59CC60F-86D8-4272-AFD0-5DB5441322AC}.Release|x64.ActiveCfg = Release|iPhone
		{B59CC60F-86D8-4272-AFD0-5DB5441322AC}.Release|x86.ActiveCfg = Release|iPhone
		{54D68257-6F4B-4919-A33B-BBFDD01D8D0E}.Ad-Hoc|Any CPU.ActiveCfg = Release|Any CPU
		{54D68257-6F4B-4919-A33B-BBFDD01D8D0E}.Ad-Hoc|Any CPU.Build.0 = Release|Any CPU
		{54D68257-6F4B-4919-A33B-BBFDD01D8D0E}.Ad-Hoc|ARM.ActiveCfg = Release|Any CPU
		{54D68257-6F4B-4919-A33B-BBFDD01D8D0E}.Ad-Hoc|ARM.Build.0 = Release|Any CPU
		{54D68257-6F4B-4919-A33B-BBFDD01D8D0E}.Ad-Hoc|iPhone.ActiveCfg = Release|Any CPU
		{54D68257-6F4B-4919-A33B-BBFDD01D8D0E}.Ad-Hoc|iPhone.Build.0 = Release|Any CPU
		{54D68257-6F4B-4919-A33B-BBFDD01D8D0E}.Ad-Hoc|iPhoneSimulator.ActiveCfg = Release|Any CPU
		{54D68257-6F4B-4919-A33B-BBFDD01D8D0E}.Ad-Hoc|iPhoneSimulator.Build.0 = Release|Any CPU
		{54D68257-6F4B-4919-A33B-BBFDD01D8D0E}.Ad-Hoc|x64.ActiveCfg = Release|Any CPU
		{54D68257-6F4B-4919-A33B-BBFDD01D8D0E}.Ad-Hoc|x64.Build.0 = Release|Any CPU
		{54D68257-6F4B-4919-A33B-BBFDD01D8D0E}.Ad-Hoc|x86.ActiveCfg = Release|Any CPU
		{54D68257-6F4B-4919-A33B-BBFDD01D8D0E}.Ad-Hoc|x86.Build.0 = Release|Any CPU
		{54D68257-6F4B-4919-A33B-BBFDD01D8D0E}.AppStore|Any CPU.ActiveCfg = Release|Any CPU
		{54D68257-6F4B-4919-A33B-BBFDD01D8D0E}.AppStore|Any CPU.Build.0 = Release|Any CPU
		{54D68257-6F4B-4919-A33B-BBFDD01D8D0E}.AppStore|ARM.ActiveCfg = Release|Any CPU
		{54D68257-6F4B-4919-A33B-BBFDD01D8D0E}.AppStore|ARM.Build.0 = Release|Any CPU
		{54D68257-6F4B-4919-A33B-BBFDD01D8D0E}.AppStore|iPhone.ActiveCfg = Release|Any CPU
		{54D68257-6F4B-4919-A33B-BBFDD01D8D0E}.AppStore|iPhone.Build.0 = Release|Any CPU
		{54D68257-6F4B-4919-A33B-BBFDD01D8D0E}.AppStore|iPhoneSimulator.ActiveCfg = Release|Any CPU
		{54D68257-6F4B-4919-A33B-BBFDD01D8D0E}.AppStore|iPhoneSimulator.Build.0 = Release|Any CPU
		{54D68257-6F4B-4919-A33B-BBFDD01D8D0E}.AppStore|x64.ActiveCfg = Release|Any CPU
		{54D68257-6F4B-4919-A33B-BBFDD01D8D0E}.AppStore|x64.Build.0 = Release|Any CPU
		{54D68257-6F4B-4919-A33B-BBFDD01D8D0E}.AppStore|x86.ActiveCfg = Release|Any CPU
		{54D68257-6F4B-4919-A33B-BBFDD01D8D0E}.AppStore|x86.Build.0 = Release|Any CPU
		{54D68257-6F4B-4919-A33B-BBFDD01D8D0E}.Debug|Any CPU.ActiveCfg = Debug|Any CPU
		{54D68257-6F4B-4919-A33B-BBFDD01D8D0E}.Debug|Any CPU.Build.0 = Debug|Any CPU
		{54D68257-6F4B-4919-A33B-BBFDD01D8D0E}.Debug|ARM.ActiveCfg = Debug|Any CPU
		{54D68257-6F4B-4919-A33B-BBFDD01D8D0E}.Debug|ARM.Build.0 = Debug|Any CPU
		{54D68257-6F4B-4919-A33B-BBFDD01D8D0E}.Debug|iPhone.ActiveCfg = Debug|Any CPU
		{54D68257-6F4B-4919-A33B-BBFDD01D8D0E}.Debug|iPhone.Build.0 = Debug|Any CPU
		{54D68257-6F4B-4919-A33B-BBFDD01D8D0E}.Debug|iPhoneSimulator.ActiveCfg = Debug|Any CPU
		{54D68257-6F4B-4919-A33B-BBFDD01D8D0E}.Debug|iPhoneSimulator.Build.0 = Debug|Any CPU
		{54D68257-6F4B-4919-A33B-BBFDD01D8D0E}.Debug|x64.ActiveCfg = Debug|Any CPU
		{54D68257-6F4B-4919-A33B-BBFDD01D8D0E}.Debug|x64.Build.0 = Debug|Any CPU
		{54D68257-6F4B-4919-A33B-BBFDD01D8D0E}.Debug|x86.ActiveCfg = Debug|Any CPU
		{54D68257-6F4B-4919-A33B-BBFDD01D8D0E}.Debug|x86.Build.0 = Debug|Any CPU
		{54D68257-6F4B-4919-A33B-BBFDD01D8D0E}.Release|Any CPU.ActiveCfg = Release|Any CPU
		{54D68257-6F4B-4919-A33B-BBFDD01D8D0E}.Release|Any CPU.Build.0 = Release|Any CPU
		{54D68257-6F4B-4919-A33B-BBFDD01D8D0E}.Release|ARM.ActiveCfg = Release|Any CPU
		{54D68257-6F4B-4919-A33B-BBFDD01D8D0E}.Release|ARM.Build.0 = Release|Any CPU
		{54D68257-6F4B-4919-A33B-BBFDD01D8D0E}.Release|iPhone.ActiveCfg = Release|Any CPU
		{54D68257-6F4B-4919-A33B-BBFDD01D8D0E}.Release|iPhone.Build.0 = Release|Any CPU
		{54D68257-6F4B-4919-A33B-BBFDD01D8D0E}.Release|iPhoneSimulator.ActiveCfg = Release|Any CPU
		{54D68257-6F4B-4919-A33B-BBFDD01D8D0E}.Release|iPhoneSimulator.Build.0 = Release|Any CPU
		{54D68257-6F4B-4919-A33B-BBFDD01D8D0E}.Release|x64.ActiveCfg = Release|Any CPU
		{54D68257-6F4B-4919-A33B-BBFDD01D8D0E}.Release|x64.Build.0 = Release|Any CPU
		{54D68257-6F4B-4919-A33B-BBFDD01D8D0E}.Release|x86.ActiveCfg = Release|Any CPU
		{54D68257-6F4B-4919-A33B-BBFDD01D8D0E}.Release|x86.Build.0 = Release|Any CPU
		{66DDF24C-0022-42C7-A32F-2DBA6FA418CC}.Ad-Hoc|Any CPU.ActiveCfg = Release|Any CPU
		{66DDF24C-0022-42C7-A32F-2DBA6FA418CC}.Ad-Hoc|Any CPU.Build.0 = Release|Any CPU
		{66DDF24C-0022-42C7-A32F-2DBA6FA418CC}.Ad-Hoc|ARM.ActiveCfg = Release|Any CPU
		{66DDF24C-0022-42C7-A32F-2DBA6FA418CC}.Ad-Hoc|ARM.Build.0 = Release|Any CPU
		{66DDF24C-0022-42C7-A32F-2DBA6FA418CC}.Ad-Hoc|iPhone.ActiveCfg = Release|Any CPU
		{66DDF24C-0022-42C7-A32F-2DBA6FA418CC}.Ad-Hoc|iPhone.Build.0 = Release|Any CPU
		{66DDF24C-0022-42C7-A32F-2DBA6FA418CC}.Ad-Hoc|iPhoneSimulator.ActiveCfg = Release|Any CPU
		{66DDF24C-0022-42C7-A32F-2DBA6FA418CC}.Ad-Hoc|iPhoneSimulator.Build.0 = Release|Any CPU
		{66DDF24C-0022-42C7-A32F-2DBA6FA418CC}.Ad-Hoc|x64.ActiveCfg = Release|Any CPU
		{66DDF24C-0022-42C7-A32F-2DBA6FA418CC}.Ad-Hoc|x64.Build.0 = Release|Any CPU
		{66DDF24C-0022-42C7-A32F-2DBA6FA418CC}.Ad-Hoc|x86.ActiveCfg = Release|Any CPU
		{66DDF24C-0022-42C7-A32F-2DBA6FA418CC}.Ad-Hoc|x86.Build.0 = Release|Any CPU
		{66DDF24C-0022-42C7-A32F-2DBA6FA418CC}.AppStore|Any CPU.ActiveCfg = Release|Any CPU
		{66DDF24C-0022-42C7-A32F-2DBA6FA418CC}.AppStore|Any CPU.Build.0 = Release|Any CPU
		{66DDF24C-0022-42C7-A32F-2DBA6FA418CC}.AppStore|ARM.ActiveCfg = Release|Any CPU
		{66DDF24C-0022-42C7-A32F-2DBA6FA418CC}.AppStore|ARM.Build.0 = Release|Any CPU
		{66DDF24C-0022-42C7-A32F-2DBA6FA418CC}.AppStore|iPhone.ActiveCfg = Release|Any CPU
		{66DDF24C-0022-42C7-A32F-2DBA6FA418CC}.AppStore|iPhone.Build.0 = Release|Any CPU
		{66DDF24C-0022-42C7-A32F-2DBA6FA418CC}.AppStore|iPhoneSimulator.ActiveCfg = Release|Any CPU
		{66DDF24C-0022-42C7-A32F-2DBA6FA418CC}.AppStore|iPhoneSimulator.Build.0 = Release|Any CPU
		{66DDF24C-0022-42C7-A32F-2DBA6FA418CC}.AppStore|x64.ActiveCfg = Release|Any CPU
		{66DDF24C-0022-42C7-A32F-2DBA6FA418CC}.AppStore|x64.Build.0 = Release|Any CPU
		{66DDF24C-0022-42C7-A32F-2DBA6FA418CC}.AppStore|x86.ActiveCfg = Release|Any CPU
		{66DDF24C-0022-42C7-A32F-2DBA6FA418CC}.AppStore|x86.Build.0 = Release|Any CPU
		{66DDF24C-0022-42C7-A32F-2DBA6FA418CC}.Debug|Any CPU.ActiveCfg = Debug|Any CPU
		{66DDF24C-0022-42C7-A32F-2DBA6FA418CC}.Debug|Any CPU.Build.0 = Debug|Any CPU
		{66DDF24C-0022-42C7-A32F-2DBA6FA418CC}.Debug|ARM.ActiveCfg = Debug|Any CPU
		{66DDF24C-0022-42C7-A32F-2DBA6FA418CC}.Debug|ARM.Build.0 = Debug|Any CPU
		{66DDF24C-0022-42C7-A32F-2DBA6FA418CC}.Debug|iPhone.ActiveCfg = Debug|Any CPU
		{66DDF24C-0022-42C7-A32F-2DBA6FA418CC}.Debug|iPhone.Build.0 = Debug|Any CPU
		{66DDF24C-0022-42C7-A32F-2DBA6FA418CC}.Debug|iPhoneSimulator.ActiveCfg = Debug|Any CPU
		{66DDF24C-0022-42C7-A32F-2DBA6FA418CC}.Debug|iPhoneSimulator.Build.0 = Debug|Any CPU
		{66DDF24C-0022-42C7-A32F-2DBA6FA418CC}.Debug|x64.ActiveCfg = Debug|Any CPU
		{66DDF24C-0022-42C7-A32F-2DBA6FA418CC}.Debug|x64.Build.0 = Debug|Any CPU
		{66DDF24C-0022-42C7-A32F-2DBA6FA418CC}.Debug|x86.ActiveCfg = Debug|Any CPU
		{66DDF24C-0022-42C7-A32F-2DBA6FA418CC}.Debug|x86.Build.0 = Debug|Any CPU
		{66DDF24C-0022-42C7-A32F-2DBA6FA418CC}.Release|Any CPU.ActiveCfg = Release|Any CPU
		{66DDF24C-0022-42C7-A32F-2DBA6FA418CC}.Release|Any CPU.Build.0 = Release|Any CPU
		{66DDF24C-0022-42C7-A32F-2DBA6FA418CC}.Release|ARM.ActiveCfg = Release|Any CPU
		{66DDF24C-0022-42C7-A32F-2DBA6FA418CC}.Release|ARM.Build.0 = Release|Any CPU
		{66DDF24C-0022-42C7-A32F-2DBA6FA418CC}.Release|iPhone.ActiveCfg = Release|Any CPU
		{66DDF24C-0022-42C7-A32F-2DBA6FA418CC}.Release|iPhone.Build.0 = Release|Any CPU
		{66DDF24C-0022-42C7-A32F-2DBA6FA418CC}.Release|iPhoneSimulator.ActiveCfg = Release|Any CPU
		{66DDF24C-0022-42C7-A32F-2DBA6FA418CC}.Release|iPhoneSimulator.Build.0 = Release|Any CPU
		{66DDF24C-0022-42C7-A32F-2DBA6FA418CC}.Release|x64.ActiveCfg = Release|Any CPU
		{66DDF24C-0022-42C7-A32F-2DBA6FA418CC}.Release|x64.Build.0 = Release|Any CPU
		{66DDF24C-0022-42C7-A32F-2DBA6FA418CC}.Release|x86.ActiveCfg = Release|Any CPU
		{66DDF24C-0022-42C7-A32F-2DBA6FA418CC}.Release|x86.Build.0 = Release|Any CPU
	EndGlobalSection
	GlobalSection(SolutionProperties) = preSolution
		HideSolutionNode = FALSE
	EndGlobalSection
	GlobalSection(ExtensibilityGlobals) = postSolution
		SolutionGuid = {200691B3-BDB9-4C0A-80BA-D21138B221B5}
	EndGlobalSection
EndGlobal
